
Microsoft Visual Studio Solution File, Format Version 12.00
# Visual Studio 15
VisualStudioVersion = 15.0.27004.2009
MinimumVisualStudioVersion = 10.0.40219.1
Project("{9A19103F-16F7-4668-BE54-9A1E7A4F7556}") = "NASARoverMovementManager", "NASARoverMovementManager\NASARoverMovementManager.csproj", "{EC7386C2-7311-4FC9-BDCC-30403489CCC7}"
EndProject
Project("{9A19103F-16F7-4668-BE54-9A1E7A4F7556}") = "RoboticMovementType", "RoboticMovementType\RoboticMovementType.csproj", "{F34E3E18-BD91-4E2C-8DF5-4A5B416FFA8A}"
EndProject
Project("{9A19103F-16F7-4668-BE54-9A1E7A4F7556}") = "NASARoverMovement.Test", "NASARoverMovement.Test\NASARoverMovement.Test.csproj", "{76D6317E-FCCD-42EA-9CB9-ECA5C3E1F095}"
EndProject
Global
	GlobalSection(SolutionConfigurationPlatforms) = preSolution
		Debug|Any CPU = Debug|Any CPU
		Release|Any CPU = Release|Any CPU
	EndGlobalSection
	GlobalSection(ProjectConfigurationPlatforms) = postSolution
		{EC7386C2-7311-4FC9-BDCC-30403489CCC7}.Debug|Any CPU.ActiveCfg = Debug|Any CPU
		{EC7386C2-7311-4FC9-BDCC-30403489CCC7}.Debug|Any CPU.Build.0 = Debug|Any CPU
		{EC7386C2-7311-4FC9-BDCC-30403489CCC7}.Release|Any CPU.ActiveCfg = Release|Any CPU
		{EC7386C2-7311-4FC9-BDCC-30403489CCC7}.Release|Any CPU.Build.0 = Release|Any CPU
		{F34E3E18-BD91-4E2C-8DF5-4A5B416FFA8A}.Debug|Any CPU.ActiveCfg = Debug|Any CPU
		{F34E3E18-BD91-4E2C-8DF5-4A5B416FFA8A}.Debug|Any CPU.Build.0 = Debug|Any CPU
		{F34E3E18-BD91-4E2C-8DF5-4A5B416FFA8A}.Release|Any CPU.ActiveCfg = Release|Any CPU
		{F34E3E18-BD91-4E2C-8DF5-4A5B416FFA8A}.Release|Any CPU.Build.0 = Release|Any CPU
		{76D6317E-FCCD-42EA-9CB9-ECA5C3E1F095}.Debug|Any CPU.ActiveCfg = Debug|Any CPU
		{76D6317E-FCCD-42EA-9CB9-ECA5C3E1F095}.Debug|Any CPU.Build.0 = Debug|Any CPU
		{76D6317E-FCCD-42EA-9CB9-ECA5C3E1F095}.Release|Any CPU.ActiveCfg = Release|Any CPU
		{76D6317E-FCCD-42EA-9CB9-ECA5C3E1F095}.Release|Any CPU.Build.0 = Release|Any CPU
	EndGlobalSection
	GlobalSection(SolutionProperties) = preSolution
		HideSolutionNode = FALSE
	EndGlobalSection
	GlobalSection(ExtensibilityGlobals) = postSolution
		SolutionGuid = {9C75D790-15D5-4A63-A2B8-FFEF7BD59470}
	EndGlobalSection
EndGlobal
